# This file was autogenerated by uv via the following command:
#    uv pip compile pyproject.toml --group dev -o requirements-dev.lock
aiohappyeyeballs==2.6.1
    # via aiohttp
aiohttp==3.13.5
    # via web3
aiosignal==1.4.0
    # via aiohttp
annotated-types==0.7.0
    # via pydantic
anyio==4.13.0
    # via
    #   gql
    #   httpx
    #   jupyter-server
appnope==0.1.4
    # via ipykernel
argon2-cffi==25.1.0
    # via jupyter-server
argon2-cffi-bindings==25.1.0
    # via argon2-cffi
arrow==1.4.0
    # via isoduration
ast-serialize==0.3.0
    # via mypy
asttokens==3.0.1
    # via stack-data
async-lru==2.3.0
    # via jupyterlab
attrs==26.1.0
    # via
    #   aiohttp
    #   jsonschema
    #   referencing
babel==2.18.0
    # via jupyterlab-server
backoff==2.2.1
    # via gql
beautifulsoup4==4.14.3
    # via nbconvert
bitarray==3.8.1
    # via eth-account
bleach==6.3.0
    # via nbconvert
certifi==2026.4.22
    # via
    #   httpcore
    #   httpx
    #   requests
cffi==2.0.0
    # via argon2-cffi-bindings
cfgv==3.5.0
    # via pre-commit
charset-normalizer==3.4.7
    # via requests
ckzg==2.1.7
    # via eth-account
comm==0.2.3
    # via
    #   ipykernel
    #   ipywidgets
cytoolz==1.1.0
    # via eth-utils
debugpy==1.8.20
    # via ipykernel
decorator==5.2.1
    # via ipython
defusedxml==0.7.1
    # via nbconvert
distlib==0.4.0
    # via virtualenv
eth-abi==5.2.0
    # via
    #   eth-account
    #   web3
eth-account==0.13.7
    # via web3
eth-hash==0.8.0
    # via
    #   eth-utils
    #   web3
eth-keyfile==0.8.1
    # via eth-account
eth-keys==0.7.0
    # via
    #   eth-account
    #   eth-keyfile
eth-rlp==2.2.0
    # via eth-account
eth-typing==6.0.0
    # via
    #   eth-abi
    #   eth-keys
    #   eth-utils
    #   web3
eth-utils==6.0.0
    # via
    #   eth-abi
    #   eth-account
    #   eth-keyfile
    #   eth-keys
    #   eth-rlp
    #   poly-eip712-structs
    #   rlp
    #   web3
execnet==2.1.2
    # via pytest-xdist
executing==2.2.1
    # via stack-data
fastjsonschema==2.21.2
    # via nbformat
filelock==3.29.0
    # via
    #   python-discovery
    #   virtualenv
fqdn==1.5.1
    # via jsonschema
frozenlist==1.8.0
    # via
    #   aiohttp
    #   aiosignal
gql==4.0.0
    # via polymarket-apis (pyproject.toml)
graphql-core==3.2.8
    # via gql
h11==0.16.0
    # via httpcore
h2==4.3.0
    # via httpx
hexbytes==1.3.1
    # via
    #   eth-account
    #   eth-rlp
    #   web3
hpack==4.1.0
    # via h2
httpcore==1.0.9
    # via httpx
httpx==0.28.1
    # via
    #   polymarket-apis (pyproject.toml)
    #   gql
    #   jupyterlab
    #   respx
hyperframe==6.1.0
    # via h2
identify==2.6.19
    # via pre-commit
idna==3.15
    # via
    #   anyio
    #   httpx
    #   jsonschema
    #   requests
    #   yarl
iniconfig==2.3.0
    # via pytest
ipykernel==7.2.0
    # via
    #   jupyter
    #   jupyter-console
    #   jupyterlab
ipython==9.13.0
    # via
    #   ipykernel
    #   ipywidgets
    #   jupyter-console
ipython-genutils==0.2.0
    # via jupyter-contrib-nbextensions
ipython-pygments-lexers==1.1.1
    # via ipython
ipywidgets==8.1.8
    # via jupyter
isoduration==20.11.0
    # via jsonschema
jedi==0.20.0
    # via ipython
jinja2==3.1.6
    # via
    #   jupyter-server
    #   jupyterlab
    #   jupyterlab-server
    #   nbconvert
    #   pdoc
json5==0.14.0
    # via jupyterlab-server
jsonpointer==3.1.1
    # via jsonschema
jsonschema==4.26.0
    # via
    #   jupyter-events
    #   jupyterlab-server
    #   nbformat
jsonschema-specifications==2025.9.1
    # via jsonschema
jupyter==1.1.1
    # via polymarket-apis (pyproject.toml:dev)
jupyter-client==8.8.0
    # via
    #   ipykernel
    #   jupyter-console
    #   jupyter-server
    #   nbclient
jupyter-console==6.6.3
    # via jupyter
jupyter-contrib-core==0.4.2
    # via
    #   jupyter-contrib-nbextensions
    #   jupyter-nbextensions-configurator
jupyter-contrib-nbextensions==0.7.0
    # via polymarket-apis (pyproject.toml:dev)
jupyter-core==5.9.1
    # via
    #   ipykernel
    #   jupyter-client
    #   jupyter-console
    #   jupyter-contrib-core
    #   jupyter-contrib-nbextensions
    #   jupyter-nbextensions-configurator
    #   jupyter-server
    #   jupyterlab
    #   nbclient
    #   nbconvert
    #   nbformat
jupyter-events==0.12.1
    # via jupyter-server
jupyter-highlight-selected-word==0.2.0
    # via jupyter-contrib-nbextensions
jupyter-lsp==2.3.1
    # via jupyterlab
jupyter-nbextensions-configurator==0.6.4
    # via jupyter-contrib-nbextensions
jupyter-server==2.18.2
    # via
    #   jupyter-lsp
    #   jupyter-nbextensions-configurator
    #   jupyterlab
    #   jupyterlab-server
    #   notebook
    #   notebook-shim
jupyter-server-terminals==0.5.4
    # via jupyter-server
jupyterlab==4.5.7
    # via
    #   jupyter
    #   notebook
jupyterlab-pygments==0.3.0
    # via nbconvert
jupyterlab-server==2.28.0
    # via
    #   jupyterlab
    #   notebook
jupyterlab-widgets==3.0.16
    # via ipywidgets
lark==1.3.1
    # via rfc3987-syntax
librt==0.11.0
    # via mypy
lomond==0.3.3
    # via polymarket-apis (pyproject.toml)
lxml==6.1.0
    # via jupyter-contrib-nbextensions
markdown2==2.5.5
    # via pdoc
markupsafe==3.0.3
    # via
    #   jinja2
    #   nbconvert
    #   pdoc
matplotlib-inline==0.2.2
    # via
    #   ipykernel
    #   ipython
mistune==3.2.1
    # via nbconvert
multidict==6.7.1
    # via
    #   aiohttp
    #   yarl
mypy==2.1.0
    # via polymarket-apis (pyproject.toml:dev)
mypy-extensions==1.1.0
    # via mypy
narwhals==2.21.0
    # via plotly
nbclient==0.10.4
    # via nbconvert
nbconvert==7.17.1
    # via
    #   jupyter
    #   jupyter-contrib-nbextensions
    #   jupyter-server
nbformat==5.10.4
    # via
    #   jupyter-server
    #   nbclient
    #   nbconvert
nest-asyncio==1.6.0
    # via ipykernel
nodeenv==1.10.0
    # via pre-commit
notebook==7.5.6
    # via
    #   polymarket-apis (pyproject.toml:dev)
    #   jupyter
    #   jupyter-contrib-core
    #   jupyter-contrib-nbextensions
    #   jupyter-nbextensions-configurator
notebook-shim==0.2.4
    # via
    #   jupyterlab
    #   notebook
packaging==26.2
    # via
    #   ipykernel
    #   jupyter-events
    #   jupyter-server
    #   jupyterlab
    #   jupyterlab-server
    #   nbconvert
    #   plotly
    #   pytest
pandocfilters==1.5.1
    # via nbconvert
parsimonious==0.10.0
    # via eth-abi
parso==0.8.7
    # via jedi
pathspec==1.1.1
    # via mypy
pdoc==16.0.0
    # via polymarket-apis (pyproject.toml:dev)
pexpect==4.9.0
    # via ipython
platformdirs==4.9.6
    # via
    #   jupyter-core
    #   python-discovery
    #   virtualenv
plotly==6.7.0
    # via polymarket-apis (pyproject.toml:dev)
pluggy==1.6.0
    # via pytest
poly-eip712-structs==0.0.1
    # via polymarket-apis (pyproject.toml)
pre-commit==4.6.0
    # via polymarket-apis (pyproject.toml:dev)
prometheus-client==0.25.0
    # via jupyter-server
prompt-toolkit==3.0.52
    # via
    #   ipython
    #   jupyter-console
propcache==0.5.2
    # via
    #   aiohttp
    #   yarl
psutil==7.2.2
    # via
    #   ipykernel
    #   ipython
ptyprocess==0.7.0
    # via
    #   pexpect
    #   terminado
pure-eval==0.2.3
    # via stack-data
pycparser==3.0
    # via cffi
pycryptodome==3.23.0
    # via
    #   eth-hash
    #   eth-keyfile
    #   poly-eip712-structs
pydantic==2.13.4
    # via
    #   polymarket-apis (pyproject.toml)
    #   eth-account
    #   eth-utils
    #   web3
pydantic-core==2.46.4
    # via pydantic
pygments==2.20.0
    # via
    #   ipython
    #   ipython-pygments-lexers
    #   jupyter-console
    #   nbconvert
    #   pdoc
    #   pytest
pyrefly==1.0.0
    # via polymarket-apis (pyproject.toml:dev)
pytest==9.0.3
    # via
    #   polymarket-apis (pyproject.toml:dev)
    #   poly-eip712-structs
    #   pytest-asyncio
    #   pytest-mock
    #   pytest-xdist
pytest-asyncio==1.3.0
    # via polymarket-apis (pyproject.toml:dev)
pytest-mock==3.15.1
    # via polymarket-apis (pyproject.toml:dev)
pytest-xdist==3.8.0
    # via polymarket-apis (pyproject.toml:dev)
python-dateutil==2.9.0.post0
    # via
    #   polymarket-apis (pyproject.toml)
    #   arrow
    #   jupyter-client
python-discovery==1.3.1
    # via virtualenv
python-dotenv==1.2.2
    # via polymarket-apis (pyproject.toml:dev)
python-json-logger==4.1.0
    # via jupyter-events
pyunormalize==17.0.0
    # via web3
pyyaml==6.0.3
    # via
    #   jupyter-events
    #   jupyter-nbextensions-configurator
    #   pre-commit
pyzmq==27.1.0
    # via
    #   ipykernel
    #   jupyter-client
    #   jupyter-console
    #   jupyter-server
referencing==0.37.0
    # via
    #   jsonschema
    #   jsonschema-specifications
    #   jupyter-events
regex==2026.5.9
    # via parsimonious
requests==2.34.0
    # via
    #   jupyterlab-server
    #   web3
respx==0.23.1
    # via polymarket-apis (pyproject.toml:dev)
rfc3339-validator==0.1.4
    # via
    #   jsonschema
    #   jupyter-events
rfc3986-validator==0.1.1
    # via
    #   jsonschema
    #   jupyter-events
rfc3987-syntax==1.1.0
    # via jsonschema
rlp==4.1.0
    # via
    #   eth-account
    #   eth-rlp
rpds-py==0.30.0
    # via
    #   jsonschema
    #   referencing
ruff==0.15.12
    # via polymarket-apis (pyproject.toml:dev)
send2trash==2.1.0
    # via jupyter-server
setuptools==82.0.1
    # via
    #   jupyter-contrib-core
    #   jupyterlab
six==1.17.0
    # via
    #   lomond
    #   python-dateutil
    #   rfc3339-validator
socksio==1.0.0
    # via httpx
soupsieve==2.8.3
    # via beautifulsoup4
stack-data==0.6.3
    # via ipython
structlog==25.5.0
    # via polymarket-apis (pyproject.toml)
terminado==0.18.1
    # via
    #   jupyter-server
    #   jupyter-server-terminals
tinycss2==1.4.0
    # via bleach
toolz==1.1.0
    # via cytoolz
tornado==6.5.5
    # via
    #   ipykernel
    #   jupyter-client
    #   jupyter-contrib-core
    #   jupyter-contrib-nbextensions
    #   jupyter-nbextensions-configurator
    #   jupyter-server
    #   jupyterlab
    #   notebook
    #   terminado
traitlets==5.15.0
    # via
    #   ipykernel
    #   ipython
    #   ipywidgets
    #   jupyter-client
    #   jupyter-console
    #   jupyter-contrib-core
    #   jupyter-contrib-nbextensions
    #   jupyter-core
    #   jupyter-events
    #   jupyter-nbextensions-configurator
    #   jupyter-server
    #   jupyterlab
    #   matplotlib-inline
    #   nbclient
    #   nbconvert
    #   nbformat
types-python-dateutil==2.9.0.20260508
    # via polymarket-apis (pyproject.toml:dev)
types-requests==2.33.0.20260513
    # via web3
typing-extensions==4.15.0
    # via
    #   aiosignal
    #   anyio
    #   beautifulsoup4
    #   eth-typing
    #   mypy
    #   pydantic
    #   pydantic-core
    #   pytest-asyncio
    #   referencing
    #   typing-inspection
    #   web3
typing-inspection==0.4.2
    # via pydantic
tzdata==2026.2
    # via arrow
uri-template==1.3.0
    # via jsonschema
urllib3==2.7.0
    # via
    #   requests
    #   types-requests
virtualenv==21.3.2
    # via pre-commit
wcwidth==0.7.0
    # via prompt-toolkit
web3==7.16.0
    # via polymarket-apis (pyproject.toml)
webcolors==25.10.0
    # via jsonschema
webencodings==0.5.1
    # via
    #   bleach
    #   tinycss2
websocket-client==1.9.0
    # via jupyter-server
websockets==15.0.1
    # via web3
widgetsnbextension==4.0.15
    # via ipywidgets
yarl==1.23.0
    # via
    #   aiohttp
    #   gql
