# This file was autogenerated by uv via the following command:
#    uv pip compile pyproject.toml -o requirements.lock
aiohappyeyeballs==2.6.1
    # via aiohttp
aiohttp==3.13.5
    # via web3
aiosignal==1.4.0
    # via aiohttp
annotated-types==0.7.0
    # via pydantic
anyio==4.13.0
    # via
    #   gql
    #   httpx
attrs==26.1.0
    # via aiohttp
backoff==2.2.1
    # via gql
bitarray==3.8.1
    # via eth-account
certifi==2026.4.22
    # via
    #   httpcore
    #   httpx
    #   requests
charset-normalizer==3.4.7
    # via requests
ckzg==2.1.7
    # via eth-account
cytoolz==1.1.0
    # via eth-utils
eth-abi==5.2.0
    # via
    #   eth-account
    #   web3
eth-account==0.13.7
    # via web3
eth-hash==0.8.0
    # via
    #   eth-utils
    #   web3
eth-keyfile==0.8.1
    # via eth-account
eth-keys==0.7.0
    # via
    #   eth-account
    #   eth-keyfile
eth-rlp==2.2.0
    # via eth-account
eth-typing==6.0.0
    # via
    #   eth-abi
    #   eth-keys
    #   eth-utils
    #   web3
eth-utils==6.0.0
    # via
    #   eth-abi
    #   eth-account
    #   eth-keyfile
    #   eth-keys
    #   eth-rlp
    #   poly-eip712-structs
    #   rlp
    #   web3
frozenlist==1.8.0
    # via
    #   aiohttp
    #   aiosignal
gql==4.0.0
    # via polymarket-apis (pyproject.toml)
graphql-core==3.2.8
    # via gql
h11==0.16.0
    # via httpcore
h2==4.3.0
    # via httpx
hexbytes==1.3.1
    # via
    #   eth-account
    #   eth-rlp
    #   web3
hpack==4.1.0
    # via h2
httpcore==1.0.9
    # via httpx
httpx==0.28.1
    # via
    #   polymarket-apis (pyproject.toml)
    #   gql
hyperframe==6.1.0
    # via h2
idna==3.15
    # via
    #   anyio
    #   httpx
    #   requests
    #   yarl
iniconfig==2.3.0
    # via pytest
lomond==0.3.3
    # via polymarket-apis (pyproject.toml)
multidict==6.7.1
    # via
    #   aiohttp
    #   yarl
packaging==26.2
    # via pytest
parsimonious==0.10.0
    # via eth-abi
pluggy==1.6.0
    # via pytest
poly-eip712-structs==0.0.1
    # via polymarket-apis (pyproject.toml)
propcache==0.5.2
    # via
    #   aiohttp
    #   yarl
pycryptodome==3.23.0
    # via
    #   eth-hash
    #   eth-keyfile
    #   poly-eip712-structs
pydantic==2.13.4
    # via
    #   polymarket-apis (pyproject.toml)
    #   eth-account
    #   eth-utils
    #   web3
pydantic-core==2.46.4
    # via pydantic
pygments==2.20.0
    # via pytest
pytest==9.0.3
    # via poly-eip712-structs
python-dateutil==2.9.0.post0
    # via polymarket-apis (pyproject.toml)
pyunormalize==17.0.0
    # via web3
regex==2026.5.9
    # via parsimonious
requests==2.34.0
    # via web3
rlp==4.1.0
    # via
    #   eth-account
    #   eth-rlp
six==1.17.0
    # via
    #   lomond
    #   python-dateutil
socksio==1.0.0
    # via httpx
structlog==25.5.0
    # via polymarket-apis (pyproject.toml)
toolz==1.1.0
    # via cytoolz
types-requests==2.33.0.20260513
    # via web3
typing-extensions==4.15.0
    # via
    #   aiosignal
    #   anyio
    #   eth-typing
    #   pydantic
    #   pydantic-core
    #   typing-inspection
    #   web3
typing-inspection==0.4.2
    # via pydantic
urllib3==2.7.0
    # via
    #   requests
    #   types-requests
web3==7.16.0
    # via polymarket-apis (pyproject.toml)
websockets==15.0.1
    # via web3
yarl==1.23.0
    # via
    #   aiohttp
    #   gql
